
Microsoft Visual Studio Solution File, Format Version 12.00
# Visual Studio 15
VisualStudioVersion = 15.0.26403.7
MinimumVisualStudioVersion = 10.0.40219.1
Project("{FAE04EC0-301F-11D3-BF4B-00C04F79EFBC}") = "BerlinClock", "BerlinClock\BerlinClock.csproj", "{8BBF0CDB-2668-4A17-8806-E9623BD75B20}"
EndProject
Project("{FAE04EC0-301F-11D3-BF4B-00C04F79EFBC}") = "BerlinClock.Tests", "BerlinClock.Tests\BerlinClock.Tests.csproj", "{D4117CAE-2C89-4234-B60A-8175230491F4}"
EndProject
Global
	GlobalSection(SolutionConfigurationPlatforms) = preSolution
		Debug|Any CPU = Debug|Any CPU
		Release|Any CPU = Release|Any CPU
	EndGlobalSection
	GlobalSection(ProjectConfigurationPlatforms) = postSolution
		{8BBF0CDB-2668-4A17-8806-E9623BD75B20}.Debug|Any CPU.ActiveCfg = Debug|Any CPU
		{8BBF0CDB-2668-4A17-8806-E9623BD75B20}.Debug|Any CPU.Build.0 = Debug|Any CPU
		{8BBF0CDB-2668-4A17-8806-E9623BD75B20}.Release|Any CPU.ActiveCfg = Release|Any CPU
		{8BBF0CDB-2668-4A17-8806-E9623BD75B20}.Release|Any CPU.Build.0 = Release|Any CPU
		{D4117CAE-2C89-4234-B60A-8175230491F4}.Debug|Any CPU.ActiveCfg = Debug|Any CPU
		{D4117CAE-2C89-4234-B60A-8175230491F4}.Debug|Any CPU.Build.0 = Debug|Any CPU
		{D4117CAE-2C89-4234-B60A-8175230491F4}.Release|Any CPU.ActiveCfg = Release|Any CPU
		{D4117CAE-2C89-4234-B60A-8175230491F4}.Release|Any CPU.Build.0 = Release|Any CPU
	EndGlobalSection
	GlobalSection(SolutionProperties) = preSolution
		HideSolutionNode = FALSE
	EndGlobalSection
EndGlobal
